// !$*UTF8*$!
{
	archiveVersion = 1;
	classes = {
	};
	objectVersion = 46;
	objects = {

/* Begin PBXBuildFile section */
		3C89683A1A79F70A00742591 /* main.m in Sources */ = {isa = PBXBuildFile; fileRef = 3C8968391A79F70A00742591 /* main.m */; };
		3C89683D1A79F70A00742591 /* AppDelegate.m in Sources */ = {isa = PBXBuildFile; fileRef = 3C89683C1A79F70A00742591 /* AppDelegate.m */; };
		3C8968401A79F70A00742591 /* ViewController.m in Sources */ = {isa = PBXBuildFile; fileRef = 3C89683F1A79F70A00742591 /* ViewController.m */; };
		3C8968431A79F70A00742591 /* Main.storyboard in Resources */ = {isa = PBXBuildFile; fileRef = 3C8968411A79F70A00742591 /* Main.storyboard */; };
		3C8968451A79F70A00742591 /* Images.xcassets in Resources */ = {isa = PBXBuildFile; fileRef = 3C8968441A79F70A00742591 /* Images.xcassets */; };
		3C8968481A79F70A00742591 /* LaunchScreen.xib in Resources */ = {isa = PBXBuildFile; fileRef = 3C8968461A79F70A00742591 /* LaunchScreen.xib */; };
		3C8968541A79F70A00742591 /* SKStatusBarHUDTests.m in Sources */ = {isa = PBXBuildFile; fileRef = 3C8968531A79F70A00742591 /* SKStatusBarHUDTests.m */; };
		3C8968611A79F74000742591 /* SKStatusBarHUB.bundle in Resources */ = {isa = PBXBuildFile; fileRef = 3C89685E1A79F74000742591 /* SKStatusBarHUB.bundle */; };
		3C8968621A79F74000742591 /* SKStatusBarHUB.m in Sources */ = {isa = PBXBuildFile; fileRef = 3C8968601A79F74000742591 /* SKStatusBarHUB.m */; };
/* End PBXBuildFile section */

/* Begin PBXContainerItemProxy section */
		3C89684E1A79F70A00742591 /* PBXContainerItemProxy */ = {
			isa = PBXContainerItemProxy;
			containerPortal = 3C89682C1A79F70A00742591 /* Project object */;
			proxyType = 1;
			remoteGlobalIDString = 3C8968331A79F70A00742591;
			remoteInfo = SKStatusBarHUD;
		};
/* End PBXContainerItemProxy section */

/* Begin PBXFileReference section */
		3C8968341A79F70A00742591 /* SKStatusBarHUD.app */ = {isa = PBXFileReference; explicitFileType = wrapper.application; includeInIndex = 0; path = SKStatusBarHUD.app; sourceTree = BUILT_PRODUCTS_DIR; };
		3C8968381A79F70A00742591 /* Info.plist */ = {isa = PBXFileReference; lastKnownFileType = text.plist.xml; path = Info.plist; sourceTree = "<group>"; };
		3C8968391A79F70A00742591 /* main.m */ = {isa = PBXFileReference; lastKnownFileType = sourcecode.c.objc; path = main.m; sourceTree = "<group>"; };
		3C89683B1A79F70A00742591 /* AppDelegate.h */ = {isa = PBXFileReference; lastKnownFileType = sourcecode.c.h; path = AppDelegate.h; sourceTree = "<group>"; };
		3C89683C1A79F70A00742591 /* AppDelegate.m */ = {isa = PBXFileReference; lastKnownFileType = sourcecode.c.objc; path = AppDelegate.m; sourceTree = "<group>"; };
		3C89683E1A79F70A00742591 /* ViewController.h */ = {isa = PBXFileReference; lastKnownFileType = sourcecode.c.h; path = ViewController.h; sourceTree = "<group>"; };
		3C89683F1A79F70A00742591 /* ViewController.m */ = {isa = PBXFileReference; lastKnownFileType = sourcecode.c.objc; path = ViewController.m; sourceTree = "<group>"; };
		3C8968421A79F70A00742591 /* Base */ = {isa = PBXFileReference; lastKnownFileType = file.storyboard; name = Base; path = Base.lproj/Main.storyboard; sourceTree = "<group>"; };
		3C8968441A79F70A00742591 /* Images.xcassets */ = {isa = PBXFileReference; lastKnownFileType = folder.assetcatalog; path = Images.xcassets; sourceTree = "<group>"; };
		3C8968471A79F70A00742591 /* Base */ = {isa = PBXFileReference; lastKnownFileType = file.xib; name = Base; path = Base.lproj/LaunchScreen.xib; sourceTree = "<group>"; };
		3C89684D1A79F70A00742591 /* SKStatusBarHUDTests.xctest */ = {isa = PBXFileReference; explicitFileType = wrapper.cfbundle; includeInIndex = 0; path = SKStatusBarHUDTests.xctest; sourceTree = BUILT_PRODUCTS_DIR; };
		3C8968521A79F70A00742591 /* Info.plist */ = {isa = PBXFileReference; lastKnownFileType = text.plist.xml; path = Info.plist; sourceTree = "<group>"; };
		3C8968531A79F70A00742591 /* SKStatusBarHUDTests.m */ = {isa = PBXFileReference; lastKnownFileType = sourcecode.c.objc; path = SKStatusBarHUDTests.m; sourceTree = "<group>"; };
		3C89685E1A79F74000742591 /* SKStatusBarHUB.bundle */ = {isa = PBXFileReference; lastKnownFileType = "wrapper.plug-in"; path = SKStatusBarHUB.bundle; sourceTree = "<group>"; };
		3C89685F1A79F74000742591 /* SKStatusBarHUB.h */ = {isa = PBXFileReference; fileEncoding = 4; lastKnownFileType = sourcecode.c.h; path = SKStatusBarHUB.h; sourceTree = "<group>"; };
		3C8968601A79F74000742591 /* SKStatusBarHUB.m */ = {isa = PBXFileReference; fileEncoding = 4; lastKnownFileType = sourcecode.c.objc; path = SKStatusBarHUB.m; sourceTree = "<group>"; };
/* End PBXFileReference section */

/* Begin PBXFrameworksBuildPhase section */
		3C8968311A79F70A00742591 /* Frameworks */ = {
			isa = PBXFrameworksBuildPhase;
			buildActionMask = 2147483647;
			files = (
			);
			runOnlyForDeploymentPostprocessing = 0;
		};
		3C89684A1A79F70A00742591 /* Frameworks */ = {
			isa = PBXFrameworksBuildPhase;
			buildActionMask = 2147483647;
			files = (
			);
			runOnlyForDeploymentPostprocessing = 0;
		};
/* End PBXFrameworksBuildPhase section */

/* Begin PBXGroup section */
		3C89682B1A79F70A00742591 = {
			isa = PBXGroup;
			children = (
				3C8968361A79F70A00742591 /* SKStatusBarHUD */,
				3C8968501A79F70A00742591 /* SKStatusBarHUDTests */,
				3C8968351A79F70A00742591 /* Products */,
			);
			sourceTree = "<group>";
		};
		3C8968351A79F70A00742591 /* Products */ = {
			isa = PBXGroup;
			children = (
				3C8968341A79F70A00742591 /* SKStatusBarHUD.app */,
				3C89684D1A79F70A00742591 /* SKStatusBarHUDTests.xctest */,
			);
			name = Products;
			sourceTree = "<group>";
		};
		3C8968361A79F70A00742591 /* SKStatusBarHUD */ = {
			isa = PBXGroup;
			children = (
				3C89685D1A79F74000742591 /* SKStatusBarHUB */,
				3C89683B1A79F70A00742591 /* AppDelegate.h */,
				3C89683C1A79F70A00742591 /* AppDelegate.m */,
				3C89683E1A79F70A00742591 /* ViewController.h */,
				3C89683F1A79F70A00742591 /* ViewController.m */,
				3C8968411A79F70A00742591 /* Main.storyboard */,
				3C8968441A79F70A00742591 /* Images.xcassets */,
				3C8968461A79F70A00742591 /* LaunchScreen.xib */,
				3C8968371A79F70A00742591 /* Supporting Files */,
			);
			path = SKStatusBarHUD;
			sourceTree = "<group>";
		};
		3C8968371A79F70A00742591 /* Supporting Files */ = {
			isa = PBXGroup;
			children = (
				3C8968381A79F70A00742591 /* Info.plist */,
				3C8968391A79F70A00742591 /* main.m */,
			);
			name = "Supporting Files";
			sourceTree = "<group>";
		};
		3C8968501A79F70A00742591 /* SKStatusBarHUDTests */ = {
			isa = PBXGroup;
			children = (
				3C8968531A79F70A00742591 /* SKStatusBarHUDTests.m */,
				3C8968511A79F70A00742591 /* Supporting Files */,
			);
			path = SKStatusBarHUDTests;
			sourceTree = "<group>";
		};
		3C8968511A79F70A00742591 /* Supporting Files */ = {
			isa = PBXGroup;
			children = (
				3C8968521A79F70A00742591 /* Info.plist */,
			);
			name = "Supporting Files";
			sourceTree = "<group>";
		};
		3C89685D1A79F74000742591 /* SKStatusBarHUB */ = {
			isa = PBXGroup;
			children = (
				3C89685E1A79F74000742591 /* SKStatusBarHUB.bundle */,
				3C89685F1A79F74000742591 /* SKStatusBarHUB.h */,
				3C8968601A79F74000742591 /* SKStatusBarHUB.m */,
			);
			path = SKStatusBarHUB;
			sourceTree = "<group>";
		};
/* End PBXGroup section */

/* Begin PBXNativeTarget section */
		3C8968331A79F70A00742591 /* SKStatusBarHUD */ = {
			isa = PBXNativeTarget;
			buildConfigurationList = 3C8968571A79F70A00742591 /* Build configuration list for PBXNativeTarget "SKStatusBarHUD" */;
			buildPhases = (
				3C8968301A79F70A00742591 /* Sources */,
				3C8968311A79F70A00742591 /* Frameworks */,
				3C8968321A79F70A00742591 /* Resources */,
			);
			buildRules = (
			);
			dependencies = (
			);
			name = SKStatusBarHUD;
			productName = SKStatusBarHUD;
			productReference = 3C8968341A79F70A00742591 /* SKStatusBarHUD.app */;
			productType = "com.apple.product-type.application";
		};
		3C89684C1A79F70A00742591 /* SKStatusBarHUDTests */ = {
			isa = PBXNativeTarget;
			buildConfigurationList = 3C89685A1A79F70A00742591 /* Build configuration list for PBXNativeTarget "SKStatusBarHUDTests" */;
			buildPhases = (
				3C8968491A79F70A00742591 /* Sources */,
				3C89684A1A79F70A00742591 /* Frameworks */,
				3C89684B1A79F70A00742591 /* Resources */,
			);
			buildRules = (
			);
			dependencies = (
				3C89684F1A79F70A00742591 /* PBXTargetDependency */,
			);
			name = SKStatusBarHUDTests;
			productName = SKStatusBarHUDTests;
			productReference = 3C89684D1A79F70A00742591 /* SKStatusBarHUDTests.xctest */;
			productType = "com.apple.product-type.bundle.unit-test";
		};
/* End PBXNativeTarget section */

/* Begin PBXProject section */
		3C89682C1A79F70A00742591 /* Project object */ = {
			isa = PBXProject;
			attributes = {
				LastUpgradeCheck = 0610;
				ORGANIZATIONNAME = king;
				TargetAttributes = {
					3C8968331A79F70A00742591 = {
						CreatedOnToolsVersion = 6.1.1;
					};
					3C89684C1A79F70A00742591 = {
						CreatedOnToolsVersion = 6.1.1;
						TestTargetID = 3C8968331A79F70A00742591;
					};
				};
			};
			buildConfigurationList = 3C89682F1A79F70A00742591 /* Build configuration list for PBXProject "SKStatusBarHUD" */;
			compatibilityVersion = "Xcode 3.2";
			developmentRegion = English;
			hasScannedForEncodings = 0;
			knownRegions = (
				en,
				Base,
			);
			mainGroup = 3C89682B1A79F70A00742591;
			productRefGroup = 3C8968351A79F70A00742591 /* Products */;
			projectDirPath = "";
			projectRoot = "";
			targets = (
				3C8968331A79F70A00742591 /* SKStatusBarHUD */,
				3C89684C1A79F70A00742591 /* SKStatusBarHUDTests */,
			);
		};
/* End PBXProject section */

/* Begin PBXResourcesBuildPhase section */
		3C8968321A79F70A00742591 /* Resources */ = {
			isa = PBXResourcesBuildPhase;
			buildActionMask = 2147483647;
			files = (
				3C8968431A79F70A00742591 /* Main.storyboard in Resources */,
				3C8968481A79F70A00742591 /* LaunchScreen.xib in Resources */,
				3C8968451A79F70A00742591 /* Images.xcassets in Resources */,
				3C8968611A79F74000742591 /* SKStatusBarHUB.bundle in Resources */,
			);
			runOnlyForDeploymentPostprocessing = 0;
		};
		3C89684B1A79F70A00742591 /* Resources */ = {
			isa = PBXResourcesBuildPhase;
			buildActionMask = 2147483647;
			files = (
			);
			runOnlyForDeploymentPostprocessing = 0;
		};
/* End PBXResourcesBuildPhase section */

/* Begin PBXSourcesBuildPhase section */
		3C8968301A79F70A00742591 /* Sources */ = {
			isa = PBXSourcesBuildPhase;
			buildActionMask = 2147483647;
			files = (
				3C8968401A79F70A00742591 /* ViewController.m in Sources */,
				3C8968621A79F74000742591 /* SKStatusBarHUB.m in Sources */,
				3C89683D1A79F70A00742591 /* AppDelegate.m in Sources */,
				3C89683A1A79F70A00742591 /* main.m in Sources */,
			);
			runOnlyForDeploymentPostprocessing = 0;
		};
		3C8968491A79F70A00742591 /* Sources */ = {
			isa = PBXSourcesBuildPhase;
			buildActionMask = 2147483647;
			files = (
				3C8968541A79F70A00742591 /* SKStatusBarHUDTests.m in Sources */,
			);
			runOnlyForDeploymentPostprocessing = 0;
		};
/* End PBXSourcesBuildPhase section */

/* Begin PBXTargetDependency section */
		3C89684F1A79F70A00742591 /* PBXTargetDependency */ = {
			isa = PBXTargetDependency;
			target = 3C8968331A79F70A00742591 /* SKStatusBarHUD */;
			targetProxy = 3C89684E1A79F70A00742591 /* PBXContainerItemProxy */;
		};
/* End PBXTargetDependency section */

/* Begin PBXVariantGroup section */
		3C8968411A79F70A00742591 /* Main.storyboard */ = {
			isa = PBXVariantGroup;
			children = (
				3C8968421A79F70A00742591 /* Base */,
			);
			name = Main.storyboard;
			sourceTree = "<group>";
		};
		3C8968461A79F70A00742591 /* LaunchScreen.xib */ = {
			isa = PBXVariantGroup;
			children = (
				3C8968471A79F70A00742591 /* Base */,
			);
			name = LaunchScreen.xib;
			sourceTree = "<group>";
		};
/* End PBXVariantGroup section */

/* Begin XCBuildConfiguration section */
		3C8968551A79F70A00742591 /* Debug */ = {
			isa = XCBuildConfiguration;
			buildSettings = {
				ALWAYS_SEARCH_USER_PATHS = NO;
				CLANG_CXX_LANGUAGE_STANDARD = "gnu++0x";
				CLANG_CXX_LIBRARY = "libc++";
				CLANG_ENABLE_MODULES = YES;
				CLANG_ENABLE_OBJC_ARC = YES;
				CLANG_WARN_BOOL_CONVERSION = YES;
				CLANG_WARN_CONSTANT_CONVERSION = YES;
				CLANG_WARN_DIRECT_OBJC_ISA_USAGE = YES_ERROR;
				CLANG_WARN_EMPTY_BODY = YES;
				CLANG_WARN_ENUM_CONVERSION = YES;
				CLANG_WARN_INT_CONVERSION = YES;
				CLANG_WARN_OBJC_ROOT_CLASS = YES_ERROR;
				CLANG_WARN_UNREACHABLE_CODE = YES;
				CLANG_WARN__DUPLICATE_METHOD_MATCH = YES;
				"CODE_SIGN_IDENTITY[sdk=iphoneos*]" = "iPhone Developer";
				COPY_PHASE_STRIP = NO;
				ENABLE_STRICT_OBJC_MSGSEND = YES;
				GCC_C_LANGUAGE_STANDARD = gnu99;
				GCC_DYNAMIC_NO_PIC = NO;
				GCC_OPTIMIZATION_LEVEL = 0;
				GCC_PREPROCESSOR_DEFINITIONS = (
					"DEBUG=1",
					"$(inherited)",
				);
				GCC_SYMBOLS_PRIVATE_EXTERN = NO;
				GCC_WARN_64_TO_32_BIT_CONVERSION = YES;
				GCC_WARN_ABOUT_RETURN_TYPE = YES_ERROR;
				GCC_WARN_UNDECLARED_SELECTOR = YES;
				GCC_WARN_UNINITIALIZED_AUTOS = YES_AGGRESSIVE;
				GCC_WARN_UNUSED_FUNCTION = YES;
				GCC_WARN_UNUSED_VARIABLE = YES;
				IPHONEOS_DEPLOYMENT_TARGET = 8.1;
				MTL_ENABLE_DEBUG_INFO = YES;
				ONLY_ACTIVE_ARCH = YES;
				SDKROOT = iphoneos;
			};
			name = Debug;
		};
		3C8968561A79F70A00742591 /* Release */ = {
			isa = XCBuildConfiguration;
			buildSettings = {
				ALWAYS_SEARCH_USER_PATHS = NO;
				CLANG_CXX_LANGUAGE_STANDARD = "gnu++0x";
				CLANG_CXX_LIBRARY = "libc++";
				CLANG_ENABLE_MODULES = YES;
				CLANG_ENABLE_OBJC_ARC = YES;
				CLANG_WARN_BOOL_CONVERSION = YES;
				CLANG_WARN_CONSTANT_CONVERSION = YES;
				CLANG_WARN_DIRECT_OBJC_ISA_USAGE = YES_ERROR;
				CLANG_WARN_EMPTY_BODY = YES;
				CLANG_WARN_ENUM_CONVERSION = YES;
				CLANG_WARN_INT_CONVERSION = YES;
				CLANG_WARN_OBJC_ROOT_CLASS = YES_ERROR;
				CLANG_WARN_UNREACHABLE_CODE = YES;
				CLANG_WARN__DUPLICATE_METHOD_MATCH = YES;
				"CODE_SIGN_IDENTITY[sdk=iphoneos*]" = "iPhone Developer";
				COPY_PHASE_STRIP = YES;
				ENABLE_NS_ASSERTIONS = NO;
				ENABLE_STRICT_OBJC_MSGSEND = YES;
				GCC_C_LANGUAGE_STANDARD = gnu99;
				GCC_WARN_64_TO_32_BIT_CONVERSION = YES;
				GCC_WARN_ABOUT_RETURN_TYPE = YES_ERROR;
				GCC_WARN_UNDECLARED_SELECTOR = YES;
				GCC_WARN_UNINITIALIZED_AUTOS = YES_AGGRESSIVE;
				GCC_WARN_UNUSED_FUNCTION = YES;
				GCC_WARN_UNUSED_VARIABLE = YES;
				IPHONEOS_DEPLOYMENT_TARGET = 8.1;
				MTL_ENABLE_DEBUG_INFO = NO;
				SDKROOT = iphoneos;
				VALIDATE_PRODUCT = YES;
			};
			name = Release;
		};
		3C8968581A79F70A00742591 /* Debug */ = {
			isa = XCBuildConfiguration;
			buildSettings = {
				ASSETCATALOG_COMPILER_APPICON_NAME = AppIcon;
				INFOPLIST_FILE = SKStatusBarHUD/Info.plist;
				LD_RUNPATH_SEARCH_PATHS = "$(inherited) @executable_path/Frameworks";
				PRODUCT_NAME = "$(TARGET_NAME)";
			};
			name = Debug;
		};
		3C8968591A79F70A00742591 /* Release */ = {
			isa = XCBuildConfiguration;
			buildSettings = {
				ASSETCATALOG_COMPILER_APPICON_NAME = AppIcon;
				INFOPLIST_FILE = SKStatusBarHUD/Info.plist;
				LD_RUNPATH_SEARCH_PATHS = "$(inherited) @executable_path/Frameworks";
				PRODUCT_NAME = "$(TARGET_NAME)";
			};
			name = Release;
		};
		3C89685B1A79F70A00742591 /* Debug */ = {
			isa = XCBuildConfiguration;
			buildSettings = {
				BUNDLE_LOADER = "$(TEST_HOST)";
				FRAMEWORK_SEARCH_PATHS = (
					"$(SDKROOT)/Developer/Library/Frameworks",
					"$(inherited)",
				);
				GCC_PREPROCESSOR_DEFINITIONS = (
					"DEBUG=1",
					"$(inherited)",
				);
				INFOPLIST_FILE = SKStatusBarHUDTests/Info.plist;
				LD_RUNPATH_SEARCH_PATHS = "$(inherited) @executable_path/Frameworks @loader_path/Frameworks";
				PRODUCT_NAME = "$(TARGET_NAME)";
				TEST_HOST = "$(BUILT_PRODUCTS_DIR)/SKStatusBarHUD.app/SKStatusBarHUD";
			};
			name = Debug;
		};
		3C89685C1A79F70A00742591 /* Release */ = {
			isa = XCBuildConfiguration;
			buildSettings = {
				BUNDLE_LOADER = "$(TEST_HOST)";
				FRAMEWORK_SEARCH_PATHS = (
					"$(SDKROOT)/Developer/Library/Frameworks",
					"$(inherited)",
				);
				INFOPLIST_FILE = SKStatusBarHUDTests/Info.plist;
				LD_RUNPATH_SEARCH_PATHS = "$(inherited) @executable_path/Frameworks @loader_path/Frameworks";
				PRODUCT_NAME = "$(TARGET_NAME)";
				TEST_HOST = "$(BUILT_PRODUCTS_DIR)/SKStatusBarHUD.app/SKStatusBarHUD";
			};
			name = Release;
		};
/* End XCBuildConfiguration section */

/* Begin XCConfigurationList section */
		3C89682F1A79F70A00742591 /* Build configuration list for PBXProject "SKStatusBarHUD" */ = {
			isa = XCConfigurationList;
			buildConfigurations = (
				3C8968551A79F70A00742591 /* Debug */,
				3C8968561A79F70A00742591 /* Release */,
			);
			defaultConfigurationIsVisible = 0;
			defaultConfigurationName = Release;
		};
		3C8968571A79F70A00742591 /* Build configuration list for PBXNativeTarget "SKStatusBarHUD" */ = {
			isa = XCConfigurationList;
			buildConfigurations = (
				3C8968581A79F70A00742591 /* Debug */,
				3C8968591A79F70A00742591 /* Release */,
			);
			defaultConfigurationIsVisible = 0;
		};
		3C89685A1A79F70A00742591 /* Build configuration list for PBXNativeTarget "SKStatusBarHUDTests" */ = {
			isa = XCConfigurationList;
			buildConfigurations = (
				3C89685B1A79F70A00742591 /* Debug */,
				3C89685C1A79F70A00742591 /* Release */,
			);
			defaultConfigurationIsVisible = 0;
		};
/* End XCConfigurationList section */
	};
	rootObject = 3C89682C1A79F70A00742591 /* Project object */;
}
